<?xml version="1.0" encoding="utf-8"?>
<Project ToolsVersion="4.0" xmlns="http://schemas.microsoft.com/developer/msbuild/2003">
  <ItemGroup>
    <Filter Include="Source Files">
      <UniqueIdentifier>{4FC737F1-C7A5-4376-A066-2A32D752A2FF}</UniqueIdentifier>
      <Extensions>cpp;c;cc;cxx;c++;cppm;ixx;def;odl;idl;hpj;bat;asm;asmx</Extensions>
    </Filter>
    <Filter Include="Header Files">
      <UniqueIdentifier>{93995380-89BD-4b04-88EB-625FBE52EBFB}</UniqueIdentifier>
      <Extensions>h;hh;hpp;hxx;h++;hm;inl;inc;ipp;xsd</Extensions>
    </Filter>
    <Filter Include="Resource Files">
      <UniqueIdentifier>{67DA6AB6-F800-4c08-8B7A-83BB121AAD01}</UniqueIdentifier>
      <Extensions>rc;ico;cur;bmp;dlg;rc2;rct;bin;rgs;gif;jpg;jpeg;jpe;resx;tiff;tif;png;wav;mfcribbon-ms</Extensions>
    </Filter>
  </ItemGroup>
  <ItemGroup>
    <ClInclude Include="ValorantCV.h">
      <Filter>Header Files</Filter>
    </ClInclude>
    <ClInclude Include="ValorantCVDlg.h">
      <Filter>Header Files</Filter>
    </ClInclude>
    <ClInclude Include="framework.h">
      <Filter>Header Files</Filter>
    </ClInclude>
    <ClInclude Include="targetver.h">
      <Filter>Header Files</Filter>
    </ClInclude>
    <ClInclude Include="Resource.h">
      <Filter>Header Files</Filter>
    </ClInclude>
    <ClInclude Include="pch.h">
      <Filter>Header Files</Filter>
    </ClInclude>
    <ClInclude Include="ValorantReader.h">
      <Filter>Header Files</Filter>
    </ClInclude>
    <ClInclude Include="IEvent.h">
      <Filter>Header Files</Filter>
    </ClInclude>
    <ClInclude Include="ShootEvent.h">
      <Filter>Header Files</Filter>
    </ClInclude>
    <ClInclude Include="KillEvent.h">
      <Filter>Header Files</Filter>
    </ClInclude>
    <ClInclude Include="DeathEvent.h">
      <Filter>Header Files</Filter>
    </ClInclude>
    <ClInclude Include="AmmoReloadEvent.h">
      <Filter>Header Files</Filter>
    </ClInclude>
    <ClInclude Include="EnemyAppearedEvent.h">
      <Filter>Header Files</Filter>
    </ClInclude>
    <ClInclude Include="AbilityCastEvent.h">
      <Filter>Header Files</Filter>
    </ClInclude>
    <ClInclude Include="GameState.h">
      <Filter>Header Files</Filter>
    </ClInclude>
    <ClInclude Include="PlayerState.h">
      <Filter>Header Files</Filter>
    </ClInclude>
    <ClInclude Include="TimelineData.h">
      <Filter>Header Files</Filter>
    </ClInclude>
    <ClInclude Include="GameCapture.h">
      <Filter>Header Files</Filter>
    </ClInclude>
    <ClInclude Include="ParserEngine.h">
      <Filter>Header Files</Filter>
    </ClInclude>
    <ClInclude Include="EventBuilder.h">
      <Filter>Header Files</Filter>
    </ClInclude>
    <ClInclude Include="Common.h">
      <Filter>Header Files</Filter>
    </ClInclude>
    <ClInclude Include="YouKilledEvent.h">
      <Filter>Header Files</Filter>
    </ClInclude>
  </ItemGroup>
  <ItemGroup>
    <ClCompile Include="ValorantCV.cpp">
      <Filter>Source Files</Filter>
    </ClCompile>
    <ClCompile Include="ValorantCVDlg.cpp">
      <Filter>Source Files</Filter>
    </ClCompile>
    <ClCompile Include="pch.cpp">
      <Filter>Source Files</Filter>
    </ClCompile>
    <ClCompile Include="ValorantReader.cpp">
      <Filter>Source Files</Filter>
    </ClCompile>
    <ClCompile Include="IEvent.cpp">
      <Filter>Source Files</Filter>
    </ClCompile>
    <ClCompile Include="ShootEvent.cpp">
      <Filter>Source Files</Filter>
    </ClCompile>
    <ClCompile Include="KillEvent.cpp">
      <Filter>Source Files</Filter>
    </ClCompile>
    <ClCompile Include="DeathEvent.cpp">
      <Filter>Source Files</Filter>
    </ClCompile>
    <ClCompile Include="AmmoReloadEvent.cpp">
      <Filter>Source Files</Filter>
    </ClCompile>
    <ClCompile Include="EnemyAppearedEvent.cpp">
      <Filter>Source Files</Filter>
    </ClCompile>
    <ClCompile Include="AbilityCastEvent.cpp">
      <Filter>Source Files</Filter>
    </ClCompile>
    <ClCompile Include="GameState.cpp">
      <Filter>Source Files</Filter>
    </ClCompile>
    <ClCompile Include="PlayerState.cpp">
      <Filter>Source Files</Filter>
    </ClCompile>
    <ClCompile Include="TimelineData.cpp">
      <Filter>Source Files</Filter>
    </ClCompile>
    <ClCompile Include="GameCapture.cpp">
      <Filter>Source Files</Filter>
    </ClCompile>
    <ClCompile Include="ParserEngine.cpp">
      <Filter>Source Files</Filter>
    </ClCompile>
    <ClCompile Include="EventBuilder.cpp">
      <Filter>Source Files</Filter>
    </ClCompile>
    <ClCompile Include="YouKilledEvent.cpp">
      <Filter>Source Files</Filter>
    </ClCompile>
  </ItemGroup>
  <ItemGroup>
    <ResourceCompile Include="ValorantCV.rc">
      <Filter>Resource Files</Filter>
    </ResourceCompile>
  </ItemGroup>
  <ItemGroup>
    <None Include="res\ValorantCV.rc2">
      <Filter>Resource Files</Filter>
    </None>
  </ItemGroup>
  <ItemGroup>
    <Image Include="res\ValorantCV.ico">
      <Filter>Resource Files</Filter>
    </Image>
  </ItemGroup>
</Project>